PODS:
  - Caishen (1.5.1)
  - CardIO (5.3.2)

DEPENDENCIES:
  - Caishen (from `../`)
  - CardIO

EXTERNAL SOURCES:
  Caishen:
    :path: "../"

SPEC CHECKSUMS:
  Caishen: 718800ad9f9f687df26b7fd4862cc13fcf7472bd
  CardIO: 92c45caef0d986c4a303a7afba0c9b76ff2b1f6e

PODFILE CHECKSUM: 171ac2de78bae9fd3012144f2669334669aef0d6

COCOAPODS: 1.1.1
