PODS:
  - Caishen (1.5.0)
  - CardIO (5.3.2)

DEPENDENCIES:
  - Caishen (from `../`)
  - CardIO

EXTERNAL SOURCES:
  Caishen:
    :path: "../"

SPEC CHECKSUMS:
  Caishen: c0c7050eaaefac2df5196ea2c2451b79978cd617
  CardIO: 92c45caef0d986c4a303a7afba0c9b76ff2b1f6e

PODFILE CHECKSUM: 171ac2de78bae9fd3012144f2669334669aef0d6

COCOAPODS: 1.1.1
