PODS:
  - CardKit (0.1.0):
    - IQKeyboardManager
  - IQKeyboardManager (4.0.0)

DEPENDENCIES:
  - CardKit (from `../`)

EXTERNAL SOURCES:
  CardKit:
    :path: ../

SPEC CHECKSUMS:
  CardKit: 4eeb91e5e786644ff14482c7685421031ef5fb4e
  IQKeyboardManager: b91928f7927ba55a5829b4dcf4b7a6736ac9fc22

COCOAPODS: 0.39.0
